
Microsoft Visual Studio Solution File, Format Version 12.00
# Visual Studio Version 17
VisualStudioVersion = 17.0.31903.59
MinimumVisualStudioVersion = 10.0.40219.1
Project("{2150E333-8FDC-42A3-9474-1A3956D46DE8}") = "src", "src", "{FD819DB4-5934-4510-AD83-BA42CF3B020E}"
EndProject
Project("{FAE04EC0-301F-11D3-BF4B-00C04F79EFBC}") = "TrafficLens.App", "src\TrafficLens.App\TrafficLens.App.csproj", "{93D9D99E-5B1A-4433-87DF-ACF38FCF8934}"
EndProject
Project("{FAE04EC0-301F-11D3-BF4B-00C04F79EFBC}") = "TrafficLens.Core", "src\TrafficLens.Core\TrafficLens.Core.csproj", "{5C3D1FFC-C3A9-4817-A3C6-73348581B29C}"
EndProject
Project("{FAE04EC0-301F-11D3-BF4B-00C04F79EFBC}") = "TrafficLens.Network", "src\TrafficLens.Network\TrafficLens.Network.csproj", "{86A488AD-5766-4413-AD6F-44DD5FAB07AF}"
EndProject
Project("{FAE04EC0-301F-11D3-BF4B-00C04F79EFBC}") = "TrafficLens.Infrastructure", "src\TrafficLens.Infrastructure\TrafficLens.Infrastructure.csproj", "{AD7E305C-3AA1-4C15-B3D8-F4B722E6A289}"
EndProject
Project("{2150E333-8FDC-42A3-9474-1A3956D46DE8}") = "tests", "tests", "{04E2953F-2BBA-4380-BAAB-21B5B3268C96}"
EndProject
Project("{FAE04EC0-301F-11D3-BF4B-00C04F79EFBC}") = "TrafficLens.Network.Tests", "tests\TrafficLens.Network.Tests\TrafficLens.Network.Tests.csproj", "{84E207C1-65AD-4756-88E4-4CD021E32BE1}"
EndProject
Project("{FAE04EC0-301F-11D3-BF4B-00C04F79EFBC}") = "TrafficLens.Network.Verification", "tests\TrafficLens.Network.Verification\TrafficLens.Network.Verification.csproj", "{7C98B8F7-54FA-413A-A50F-1EFA727DFF2F}"
EndProject
Project("{FAE04EC0-301F-11D3-BF4B-00C04F79EFBC}") = "TrafficLens.App.Tests", "tests\TrafficLens.App.Tests\TrafficLens.App.Tests.csproj", "{178C6814-90EB-4A5E-9E0A-399D3AE8B0AF}"
EndProject
Global
	GlobalSection(SolutionConfigurationPlatforms) = preSolution
		Debug|Any CPU = Debug|Any CPU
		Release|Any CPU = Release|Any CPU
	EndGlobalSection
	GlobalSection(SolutionProperties) = preSolution
		HideSolutionNode = FALSE
	EndGlobalSection
	GlobalSection(ProjectConfigurationPlatforms) = postSolution
		{93D9D99E-5B1A-4433-87DF-ACF38FCF8934}.Debug|Any CPU.ActiveCfg = Debug|Any CPU
		{93D9D99E-5B1A-4433-87DF-ACF38FCF8934}.Debug|Any CPU.Build.0 = Debug|Any CPU
		{93D9D99E-5B1A-4433-87DF-ACF38FCF8934}.Release|Any CPU.ActiveCfg = Release|Any CPU
		{93D9D99E-5B1A-4433-87DF-ACF38FCF8934}.Release|Any CPU.Build.0 = Release|Any CPU
		{5C3D1FFC-C3A9-4817-A3C6-73348581B29C}.Debug|Any CPU.ActiveCfg = Debug|Any CPU
		{5C3D1FFC-C3A9-4817-A3C6-73348581B29C}.Debug|Any CPU.Build.0 = Debug|Any CPU
		{5C3D1FFC-C3A9-4817-A3C6-73348581B29C}.Release|Any CPU.ActiveCfg = Release|Any CPU
		{5C3D1FFC-C3A9-4817-A3C6-73348581B29C}.Release|Any CPU.Build.0 = Release|Any CPU
		{86A488AD-5766-4413-AD6F-44DD5FAB07AF}.Debug|Any CPU.ActiveCfg = Debug|Any CPU
		{86A488AD-5766-4413-AD6F-44DD5FAB07AF}.Debug|Any CPU.Build.0 = Debug|Any CPU
		{86A488AD-5766-4413-AD6F-44DD5FAB07AF}.Release|Any CPU.ActiveCfg = Release|Any CPU
		{86A488AD-5766-4413-AD6F-44DD5FAB07AF}.Release|Any CPU.Build.0 = Release|Any CPU
		{AD7E305C-3AA1-4C15-B3D8-F4B722E6A289}.Debug|Any CPU.ActiveCfg = Debug|Any CPU
		{AD7E305C-3AA1-4C15-B3D8-F4B722E6A289}.Debug|Any CPU.Build.0 = Debug|Any CPU
		{AD7E305C-3AA1-4C15-B3D8-F4B722E6A289}.Release|Any CPU.ActiveCfg = Release|Any CPU
		{AD7E305C-3AA1-4C15-B3D8-F4B722E6A289}.Release|Any CPU.Build.0 = Release|Any CPU
		{84E207C1-65AD-4756-88E4-4CD021E32BE1}.Debug|Any CPU.ActiveCfg = Debug|Any CPU
		{84E207C1-65AD-4756-88E4-4CD021E32BE1}.Debug|Any CPU.Build.0 = Debug|Any CPU
		{84E207C1-65AD-4756-88E4-4CD021E32BE1}.Release|Any CPU.ActiveCfg = Release|Any CPU
		{84E207C1-65AD-4756-88E4-4CD021E32BE1}.Release|Any CPU.Build.0 = Release|Any CPU
		{7C98B8F7-54FA-413A-A50F-1EFA727DFF2F}.Debug|Any CPU.ActiveCfg = Debug|Any CPU
		{7C98B8F7-54FA-413A-A50F-1EFA727DFF2F}.Debug|Any CPU.Build.0 = Debug|Any CPU
		{7C98B8F7-54FA-413A-A50F-1EFA727DFF2F}.Release|Any CPU.ActiveCfg = Release|Any CPU
		{7C98B8F7-54FA-413A-A50F-1EFA727DFF2F}.Release|Any CPU.Build.0 = Release|Any CPU
		{178C6814-90EB-4A5E-9E0A-399D3AE8B0AF}.Debug|Any CPU.ActiveCfg = Debug|Any CPU
		{178C6814-90EB-4A5E-9E0A-399D3AE8B0AF}.Debug|Any CPU.Build.0 = Debug|Any CPU
		{178C6814-90EB-4A5E-9E0A-399D3AE8B0AF}.Release|Any CPU.ActiveCfg = Release|Any CPU
		{178C6814-90EB-4A5E-9E0A-399D3AE8B0AF}.Release|Any CPU.Build.0 = Release|Any CPU
	EndGlobalSection
	GlobalSection(NestedProjects) = preSolution
		{93D9D99E-5B1A-4433-87DF-ACF38FCF8934} = {FD819DB4-5934-4510-AD83-BA42CF3B020E}
		{5C3D1FFC-C3A9-4817-A3C6-73348581B29C} = {FD819DB4-5934-4510-AD83-BA42CF3B020E}
		{86A488AD-5766-4413-AD6F-44DD5FAB07AF} = {FD819DB4-5934-4510-AD83-BA42CF3B020E}
		{AD7E305C-3AA1-4C15-B3D8-F4B722E6A289} = {FD819DB4-5934-4510-AD83-BA42CF3B020E}
		{84E207C1-65AD-4756-88E4-4CD021E32BE1} = {04E2953F-2BBA-4380-BAAB-21B5B3268C96}
		{7C98B8F7-54FA-413A-A50F-1EFA727DFF2F} = {04E2953F-2BBA-4380-BAAB-21B5B3268C96}
		{178C6814-90EB-4A5E-9E0A-399D3AE8B0AF} = {04E2953F-2BBA-4380-BAAB-21B5B3268C96}
	EndGlobalSection
EndGlobal
